// !$*UTF8*$!
{
	archiveVersion = 1;
	classes = {
	};
	objectVersion = 46;
	objects = {

/* Begin PBXBuildFile section */
		DA3FCB641E83CC7600CD1C9C /* SampleFrameworkB.framework in Frameworks */ = {isa = PBXBuildFile; fileRef = DA3FCB5A1E83CC7600CD1C9C /* SampleFrameworkB.framework */; };
		DA3FCBAA1E83CE3900CD1C9C /* SampleFrameworkC.framework in Frameworks */ = {isa = PBXBuildFile; fileRef = DA3FCBA91E83CE3900CD1C9C /* SampleFrameworkC.framework */; };
		DA3FCBD01E83CE7500CD1C9C /* SampleFrameworkD.framework in Frameworks */ = {isa = PBXBuildFile; fileRef = DA3FCBCF1E83CE7500CD1C9C /* SampleFrameworkD.framework */; };
/* End PBXBuildFile section */

/* Begin PBXContainerItemProxy section */
		DA3FCB651E83CC7600CD1C9C /* PBXContainerItemProxy */ = {
			isa = PBXContainerItemProxy;
			containerPortal = DA3FCB511E83CC7600CD1C9C /* Project object */;
			proxyType = 1;
			remoteGlobalIDString = DA3FCB591E83CC7600CD1C9C;
			remoteInfo = SampleFrameworkB;
		};
/* End PBXContainerItemProxy section */

/* Begin PBXFileReference section */
		DA3FCB5A1E83CC7600CD1C9C /* SampleFrameworkB.framework */ = {isa = PBXFileReference; explicitFileType = wrapper.framework; includeInIndex = 0; path = SampleFrameworkB.framework; sourceTree = BUILT_PRODUCTS_DIR; };
		DA3FCB631E83CC7600CD1C9C /* SampleFrameworkBTests.xctest */ = {isa = PBXFileReference; explicitFileType = wrapper.cfbundle; includeInIndex = 0; path = SampleFrameworkBTests.xctest; sourceTree = BUILT_PRODUCTS_DIR; };
		DA3FCBA91E83CE3900CD1C9C /* SampleFrameworkC.framework */ = {isa = PBXFileReference; lastKnownFileType = wrapper.framework; name = SampleFrameworkC.framework; path = "../SampleFrameworkC/build/Debug-iphoneos/SampleFrameworkC.framework"; sourceTree = "<group>"; };
		DA3FCBCF1E83CE7500CD1C9C /* SampleFrameworkD.framework */ = {isa = PBXFileReference; lastKnownFileType = wrapper.framework; name = SampleFrameworkD.framework; path = "../SampleFrameworkD/build/Debug-iphoneos/SampleFrameworkD.framework"; sourceTree = "<group>"; };
/* End PBXFileReference section */

/* Begin PBXFrameworksBuildPhase section */
		DA3FCB561E83CC7600CD1C9C /* Frameworks */ = {
			isa = PBXFrameworksBuildPhase;
			buildActionMask = 2147483647;
			files = (
				DA3FCBAA1E83CE3900CD1C9C /* SampleFrameworkC.framework in Frameworks */,
				DA3FCBD01E83CE7500CD1C9C /* SampleFrameworkD.framework in Frameworks */,
			);
			runOnlyForDeploymentPostprocessing = 0;
		};
		DA3FCB601E83CC7600CD1C9C /* Frameworks */ = {
			isa = PBXFrameworksBuildPhase;
			buildActionMask = 2147483647;
			files = (
				DA3FCB641E83CC7600CD1C9C /* SampleFrameworkB.framework in Frameworks */,
			);
			runOnlyForDeploymentPostprocessing = 0;
		};
/* End PBXFrameworksBuildPhase section */

/* Begin PBXGroup section */
		DA3FCB501E83CC7600CD1C9C = {
			isa = PBXGroup;
			children = (
				DA3FCB5B1E83CC7600CD1C9C /* Products */,
				DA3FCBA81E83CE3900CD1C9C /* Frameworks */,
			);
			sourceTree = "<group>";
		};
		DA3FCB5B1E83CC7600CD1C9C /* Products */ = {
			isa = PBXGroup;
			children = (
				DA3FCB5A1E83CC7600CD1C9C /* SampleFrameworkB.framework */,
				DA3FCB631E83CC7600CD1C9C /* SampleFrameworkBTests.xctest */,
			);
			name = Products;
			sourceTree = "<group>";
		};
		DA3FCBA81E83CE3900CD1C9C /* Frameworks */ = {
			isa = PBXGroup;
			children = (
				DA3FCBCF1E83CE7500CD1C9C /* SampleFrameworkD.framework */,
				DA3FCBA91E83CE3900CD1C9C /* SampleFrameworkC.framework */,
			);
			name = Frameworks;
			sourceTree = "<group>";
		};
/* End PBXGroup section */

/* Begin PBXHeadersBuildPhase section */
		DA3FCB571E83CC7600CD1C9C /* Headers */ = {
			isa = PBXHeadersBuildPhase;
			buildActionMask = 2147483647;
			files = (
			);
			runOnlyForDeploymentPostprocessing = 0;
		};
/* End PBXHeadersBuildPhase section */

/* Begin PBXNativeTarget section */
		DA3FCB591E83CC7600CD1C9C /* SampleFrameworkB */ = {
			isa = PBXNativeTarget;
			buildConfigurationList = DA3FCB6E1E83CC7600CD1C9C /* Build configuration list for PBXNativeTarget "SampleFrameworkB" */;
			buildPhases = (
				DA3FCB551E83CC7600CD1C9C /* Sources */,
				DA3FCB561E83CC7600CD1C9C /* Frameworks */,
				DA3FCB571E83CC7600CD1C9C /* Headers */,
				DA3FCB581E83CC7600CD1C9C /* Resources */,
			);
			buildRules = (
			);
			dependencies = (
			);
			name = SampleFrameworkB;
			productName = SampleFrameworkB;
			productReference = DA3FCB5A1E83CC7600CD1C9C /* SampleFrameworkB.framework */;
			productType = "com.apple.product-type.framework";
		};
		DA3FCB621E83CC7600CD1C9C /* SampleFrameworkBTests */ = {
			isa = PBXNativeTarget;
			buildConfigurationList = DA3FCB711E83CC7600CD1C9C /* Build configuration list for PBXNativeTarget "SampleFrameworkBTests" */;
			buildPhases = (
				DA3FCB5F1E83CC7600CD1C9C /* Sources */,
				DA3FCB601E83CC7600CD1C9C /* Frameworks */,
				DA3FCB611E83CC7600CD1C9C /* Resources */,
			);
			buildRules = (
			);
			dependencies = (
				DA3FCB661E83CC7600CD1C9C /* PBXTargetDependency */,
			);
			name = SampleFrameworkBTests;
			productName = SampleFrameworkBTests;
			productReference = DA3FCB631E83CC7600CD1C9C /* SampleFrameworkBTests.xctest */;
			productType = "com.apple.product-type.bundle.unit-test";
		};
/* End PBXNativeTarget section */

/* Begin PBXProject section */
		DA3FCB511E83CC7600CD1C9C /* Project object */ = {
			isa = PBXProject;
			attributes = {
				LastUpgradeCheck = 0820;
				ORGANIZATIONNAME = "XING AG";
				TargetAttributes = {
					DA3FCB591E83CC7600CD1C9C = {
						CreatedOnToolsVersion = 8.2.1;
						ProvisioningStyle = Automatic;
					};
					DA3FCB621E83CC7600CD1C9C = {
						CreatedOnToolsVersion = 8.2.1;
						ProvisioningStyle = Automatic;
					};
				};
			};
			buildConfigurationList = DA3FCB541E83CC7600CD1C9C /* Build configuration list for PBXProject "SampleFrameworkB" */;
			compatibilityVersion = "Xcode 3.2";
			developmentRegion = English;
			hasScannedForEncodings = 0;
			knownRegions = (
				en,
			);
			mainGroup = DA3FCB501E83CC7600CD1C9C;
			productRefGroup = DA3FCB5B1E83CC7600CD1C9C /* Products */;
			projectDirPath = "";
			projectRoot = "";
			targets = (
				DA3FCB591E83CC7600CD1C9C /* SampleFrameworkB */,
				DA3FCB621E83CC7600CD1C9C /* SampleFrameworkBTests */,
			);
		};
/* End PBXProject section */

/* Begin PBXResourcesBuildPhase section */
		DA3FCB581E83CC7600CD1C9C /* Resources */ = {
			isa = PBXResourcesBuildPhase;
			buildActionMask = 2147483647;
			files = (
			);
			runOnlyForDeploymentPostprocessing = 0;
		};
		DA3FCB611E83CC7600CD1C9C /* Resources */ = {
			isa = PBXResourcesBuildPhase;
			buildActionMask = 2147483647;
			files = (
			);
			runOnlyForDeploymentPostprocessing = 0;
		};
/* End PBXResourcesBuildPhase section */

/* Begin PBXSourcesBuildPhase section */
		DA3FCB551E83CC7600CD1C9C /* Sources */ = {
			isa = PBXSourcesBuildPhase;
			buildActionMask = 2147483647;
			files = (
			);
			runOnlyForDeploymentPostprocessing = 0;
		};
		DA3FCB5F1E83CC7600CD1C9C /* Sources */ = {
			isa = PBXSourcesBuildPhase;
			buildActionMask = 2147483647;
			files = (
			);
			runOnlyForDeploymentPostprocessing = 0;
		};
/* End PBXSourcesBuildPhase section */

/* Begin PBXTargetDependency section */
		DA3FCB661E83CC7600CD1C9C /* PBXTargetDependency */ = {
			isa = PBXTargetDependency;
			target = DA3FCB591E83CC7600CD1C9C /* SampleFrameworkB */;
			targetProxy = DA3FCB651E83CC7600CD1C9C /* PBXContainerItemProxy */;
		};
/* End PBXTargetDependency section */

/* Begin XCBuildConfiguration section */
		DA3FCB6C1E83CC7600CD1C9C /* Debug */ = {
			isa = XCBuildConfiguration;
			buildSettings = {
				ALWAYS_SEARCH_USER_PATHS = NO;
				CLANG_ANALYZER_NONNULL = YES;
				CLANG_CXX_LANGUAGE_STANDARD = "gnu++0x";
				CLANG_CXX_LIBRARY = "libc++";
				CLANG_ENABLE_MODULES = YES;
				CLANG_ENABLE_OBJC_ARC = YES;
				CLANG_WARN_BOOL_CONVERSION = YES;
				CLANG_WARN_CONSTANT_CONVERSION = YES;
				CLANG_WARN_DIRECT_OBJC_ISA_USAGE = YES_ERROR;
				CLANG_WARN_DOCUMENTATION_COMMENTS = YES;
				CLANG_WARN_EMPTY_BODY = YES;
				CLANG_WARN_ENUM_CONVERSION = YES;
				CLANG_WARN_INFINITE_RECURSION = YES;
				CLANG_WARN_INT_CONVERSION = YES;
				CLANG_WARN_OBJC_ROOT_CLASS = YES_ERROR;
				CLANG_WARN_SUSPICIOUS_MOVE = YES;
				CLANG_WARN_UNREACHABLE_CODE = YES;
				CLANG_WARN__DUPLICATE_METHOD_MATCH = YES;
				"CODE_SIGN_IDENTITY[sdk=iphoneos*]" = "iPhone Developer";
				COPY_PHASE_STRIP = NO;
				CURRENT_PROJECT_VERSION = 1;
				DEBUG_INFORMATION_FORMAT = dwarf;
				ENABLE_STRICT_OBJC_MSGSEND = YES;
				ENABLE_TESTABILITY = YES;
				GCC_C_LANGUAGE_STANDARD = gnu99;
				GCC_DYNAMIC_NO_PIC = NO;
				GCC_NO_COMMON_BLOCKS = YES;
				GCC_OPTIMIZATION_LEVEL = 0;
				GCC_PREPROCESSOR_DEFINITIONS = (
					"DEBUG=1",
					"$(inherited)",
				);
				GCC_WARN_64_TO_32_BIT_CONVERSION = YES;
				GCC_WARN_ABOUT_RETURN_TYPE = YES_ERROR;
				GCC_WARN_UNDECLARED_SELECTOR = YES;
				GCC_WARN_UNINITIALIZED_AUTOS = YES_AGGRESSIVE;
				GCC_WARN_UNUSED_FUNCTION = YES;
				GCC_WARN_UNUSED_VARIABLE = YES;
				IPHONEOS_DEPLOYMENT_TARGET = 10.2;
				MTL_ENABLE_DEBUG_INFO = YES;
				ONLY_ACTIVE_ARCH = YES;
				SDKROOT = iphoneos;
				TARGETED_DEVICE_FAMILY = "1,2";
				VERSIONING_SYSTEM = "apple-generic";
				VERSION_INFO_PREFIX = "";
			};
			name = Debug;
		};
		DA3FCB6D1E83CC7600CD1C9C /* Release */ = {
			isa = XCBuildConfiguration;
			buildSettings = {
				ALWAYS_SEARCH_USER_PATHS = NO;
				CLANG_ANALYZER_NONNULL = YES;
				CLANG_CXX_LANGUAGE_STANDARD = "gnu++0x";
				CLANG_CXX_LIBRARY = "libc++";
				CLANG_ENABLE_MODULES = YES;
				CLANG_ENABLE_OBJC_ARC = YES;
				CLANG_WARN_BOOL_CONVERSION = YES;
				CLANG_WARN_CONSTANT_CONVERSION = YES;
				CLANG_WARN_DIRECT_OBJC_ISA_USAGE = YES_ERROR;
				CLANG_WARN_DOCUMENTATION_COMMENTS = YES;
				CLANG_WARN_EMPTY_BODY = YES;
				CLANG_WARN_ENUM_CONVERSION = YES;
				CLANG_WARN_INFINITE_RECURSION = YES;
				CLANG_WARN_INT_CONVERSION = YES;
				CLANG_WARN_OBJC_ROOT_CLASS = YES_ERROR;
				CLANG_WARN_SUSPICIOUS_MOVE = YES;
				CLANG_WARN_UNREACHABLE_CODE = YES;
				CLANG_WARN__DUPLICATE_METHOD_MATCH = YES;
				"CODE_SIGN_IDENTITY[sdk=iphoneos*]" = "iPhone Developer";
				COPY_PHASE_STRIP = NO;
				CURRENT_PROJECT_VERSION = 1;
				DEBUG_INFORMATION_FORMAT = "dwarf-with-dsym";
				ENABLE_NS_ASSERTIONS = NO;
				ENABLE_STRICT_OBJC_MSGSEND = YES;
				GCC_C_LANGUAGE_STANDARD = gnu99;
				GCC_NO_COMMON_BLOCKS = YES;
				GCC_WARN_64_TO_32_BIT_CONVERSION = YES;
				GCC_WARN_ABOUT_RETURN_TYPE = YES_ERROR;
				GCC_WARN_UNDECLARED_SELECTOR = YES;
				GCC_WARN_UNINITIALIZED_AUTOS = YES_AGGRESSIVE;
				GCC_WARN_UNUSED_FUNCTION = YES;
				GCC_WARN_UNUSED_VARIABLE = YES;
				IPHONEOS_DEPLOYMENT_TARGET = 10.2;
				MTL_ENABLE_DEBUG_INFO = NO;
				SDKROOT = iphoneos;
				TARGETED_DEVICE_FAMILY = "1,2";
				VALIDATE_PRODUCT = YES;
				VERSIONING_SYSTEM = "apple-generic";
				VERSION_INFO_PREFIX = "";
			};
			name = Release;
		};
		DA3FCB6F1E83CC7600CD1C9C /* Debug */ = {
			isa = XCBuildConfiguration;
			buildSettings = {
				CODE_SIGN_IDENTITY = "";
				DEFINES_MODULE = YES;
				DYLIB_COMPATIBILITY_VERSION = 1;
				DYLIB_CURRENT_VERSION = 1;
				DYLIB_INSTALL_NAME_BASE = "@rpath";
				INFOPLIST_FILE = SampleFrameworkB/Info.plist;
				INSTALL_PATH = "$(LOCAL_LIBRARY_DIR)/Frameworks";
				LD_RUNPATH_SEARCH_PATHS = "$(inherited) @executable_path/Frameworks @loader_path/Frameworks";
				PRODUCT_BUNDLE_IDENTIFIER = com.xing.SampleFrameworkB;
				PRODUCT_NAME = "$(TARGET_NAME)";
				SKIP_INSTALL = YES;
			};
			name = Debug;
		};
		DA3FCB701E83CC7600CD1C9C /* Release */ = {
			isa = XCBuildConfiguration;
			buildSettings = {
				CODE_SIGN_IDENTITY = "";
				DEFINES_MODULE = YES;
				DYLIB_COMPATIBILITY_VERSION = 1;
				DYLIB_CURRENT_VERSION = 1;
				DYLIB_INSTALL_NAME_BASE = "@rpath";
				INFOPLIST_FILE = SampleFrameworkB/Info.plist;
				INSTALL_PATH = "$(LOCAL_LIBRARY_DIR)/Frameworks";
				LD_RUNPATH_SEARCH_PATHS = "$(inherited) @executable_path/Frameworks @loader_path/Frameworks";
				PRODUCT_BUNDLE_IDENTIFIER = com.xing.SampleFrameworkB;
				PRODUCT_NAME = "$(TARGET_NAME)";
				SKIP_INSTALL = YES;
			};
			name = Release;
		};
		DA3FCB721E83CC7600CD1C9C /* Debug */ = {
			isa = XCBuildConfiguration;
			buildSettings = {
				INFOPLIST_FILE = SampleFrameworkBTests/Info.plist;
				LD_RUNPATH_SEARCH_PATHS = "$(inherited) @executable_path/Frameworks @loader_path/Frameworks";
				PRODUCT_BUNDLE_IDENTIFIER = com.xing.SampleFrameworkBTests;
				PRODUCT_NAME = "$(TARGET_NAME)";
			};
			name = Debug;
		};
		DA3FCB731E83CC7600CD1C9C /* Release */ = {
			isa = XCBuildConfiguration;
			buildSettings = {
				INFOPLIST_FILE = SampleFrameworkBTests/Info.plist;
				LD_RUNPATH_SEARCH_PATHS = "$(inherited) @executable_path/Frameworks @loader_path/Frameworks";
				PRODUCT_BUNDLE_IDENTIFIER = com.xing.SampleFrameworkBTests;
				PRODUCT_NAME = "$(TARGET_NAME)";
			};
			name = Release;
		};
/* End XCBuildConfiguration section */

/* Begin XCConfigurationList section */
		DA3FCB541E83CC7600CD1C9C /* Build configuration list for PBXProject "SampleFrameworkB" */ = {
			isa = XCConfigurationList;
			buildConfigurations = (
				DA3FCB6C1E83CC7600CD1C9C /* Debug */,
				DA3FCB6D1E83CC7600CD1C9C /* Release */,
			);
			defaultConfigurationIsVisible = 0;
			defaultConfigurationName = Release;
		};
		DA3FCB6E1E83CC7600CD1C9C /* Build configuration list for PBXNativeTarget "SampleFrameworkB" */ = {
			isa = XCConfigurationList;
			buildConfigurations = (
				DA3FCB6F1E83CC7600CD1C9C /* Debug */,
				DA3FCB701E83CC7600CD1C9C /* Release */,
			);
			defaultConfigurationIsVisible = 0;
			defaultConfigurationName = Release;
		};
		DA3FCB711E83CC7600CD1C9C /* Build configuration list for PBXNativeTarget "SampleFrameworkBTests" */ = {
			isa = XCConfigurationList;
			buildConfigurations = (
				DA3FCB721E83CC7600CD1C9C /* Debug */,
				DA3FCB731E83CC7600CD1C9C /* Release */,
			);
			defaultConfigurationIsVisible = 0;
			defaultConfigurationName = Release;
		};
/* End XCConfigurationList section */
	};
	rootObject = DA3FCB511E83CC7600CD1C9C /* Project object */;
}
